// !$*UTF8*$!
{
	archiveVersion = 1;
	classes = {
	};
	objectVersion = 46;
	objects = {

/* Begin PBXBuildFile section */
		63984C51185EAFB3001FD5BA /* Foundation.framework in Frameworks */ = {isa = PBXBuildFile; fileRef = 63984C50185EAFB3001FD5BA /* Foundation.framework */; };
		63984C53185EAFB3001FD5BA /* CoreGraphics.framework in Frameworks */ = {isa = PBXBuildFile; fileRef = 63984C52185EAFB3001FD5BA /* CoreGraphics.framework */; };
		63984C55185EAFB3001FD5BA /* UIKit.framework in Frameworks */ = {isa = PBXBuildFile; fileRef = 63984C54185EAFB3001FD5BA /* UIKit.framework */; };
		63984C5B185EAFB3001FD5BA /* InfoPlist.strings in Resources */ = {isa = PBXBuildFile; fileRef = 63984C59185EAFB3001FD5BA /* InfoPlist.strings */; };
		63984C5D185EAFB3001FD5BA /* main.m in Sources */ = {isa = PBXBuildFile; fileRef = 63984C5C185EAFB3001FD5BA /* main.m */; };
		63984C61185EAFB3001FD5BA /* photomaniaAppDelegate.m in Sources */ = {isa = PBXBuildFile; fileRef = 63984C60185EAFB3001FD5BA /* photomaniaAppDelegate.m */; };
		63984C64185EAFB3001FD5BA /* Main.storyboard in Resources */ = {isa = PBXBuildFile; fileRef = 63984C62185EAFB3001FD5BA /* Main.storyboard */; };
		63984C67185EAFB3001FD5BA /* photomaniaViewController.m in Sources */ = {isa = PBXBuildFile; fileRef = 63984C66185EAFB3001FD5BA /* photomaniaViewController.m */; };
		63984C69185EAFB3001FD5BA /* Images.xcassets in Resources */ = {isa = PBXBuildFile; fileRef = 63984C68185EAFB3001FD5BA /* Images.xcassets */; };
		63984C70185EAFB3001FD5BA /* XCTest.framework in Frameworks */ = {isa = PBXBuildFile; fileRef = 63984C6F185EAFB3001FD5BA /* XCTest.framework */; };
		63984C71185EAFB3001FD5BA /* Foundation.framework in Frameworks */ = {isa = PBXBuildFile; fileRef = 63984C50185EAFB3001FD5BA /* Foundation.framework */; };
		63984C72185EAFB3001FD5BA /* UIKit.framework in Frameworks */ = {isa = PBXBuildFile; fileRef = 63984C54185EAFB3001FD5BA /* UIKit.framework */; };
		63984C7A185EAFB3001FD5BA /* InfoPlist.strings in Resources */ = {isa = PBXBuildFile; fileRef = 63984C78185EAFB3001FD5BA /* InfoPlist.strings */; };
		63984C7C185EAFB3001FD5BA /* PhotomaniaTests.m in Sources */ = {isa = PBXBuildFile; fileRef = 63984C7B185EAFB3001FD5BA /* PhotomaniaTests.m */; };
/* End PBXBuildFile section */

/* Begin PBXContainerItemProxy section */
		63984C73185EAFB3001FD5BA /* PBXContainerItemProxy */ = {
			isa = PBXContainerItemProxy;
			containerPortal = 63984C45185EAFB3001FD5BA /* Project object */;
			proxyType = 1;
			remoteGlobalIDString = 63984C4C185EAFB3001FD5BA;
			remoteInfo = Photomania;
		};
/* End PBXContainerItemProxy section */

/* Begin PBXFileReference section */
		63984C4D185EAFB3001FD5BA /* Photomania.app */ = {isa = PBXFileReference; explicitFileType = wrapper.application; includeInIndex = 0; path = Photomania.app; sourceTree = BUILT_PRODUCTS_DIR; };
		63984C50185EAFB3001FD5BA /* Foundation.framework */ = {isa = PBXFileReference; lastKnownFileType = wrapper.framework; name = Foundation.framework; path = System/Library/Frameworks/Foundation.framework; sourceTree = SDKROOT; };
		63984C52185EAFB3001FD5BA /* CoreGraphics.framework */ = {isa = PBXFileReference; lastKnownFileType = wrapper.framework; name = CoreGraphics.framework; path = System/Library/Frameworks/CoreGraphics.framework; sourceTree = SDKROOT; };
		63984C54185EAFB3001FD5BA /* UIKit.framework */ = {isa = PBXFileReference; lastKnownFileType = wrapper.framework; name = UIKit.framework; path = System/Library/Frameworks/UIKit.framework; sourceTree = SDKROOT; };
		63984C58185EAFB3001FD5BA /* Photomania-Info.plist */ = {isa = PBXFileReference; lastKnownFileType = text.plist.xml; path = "Photomania-Info.plist"; sourceTree = "<group>"; };
		63984C5A185EAFB3001FD5BA /* en */ = {isa = PBXFileReference; lastKnownFileType = text.plist.strings; name = en; path = en.lproj/InfoPlist.strings; sourceTree = "<group>"; };
		63984C5C185EAFB3001FD5BA /* main.m */ = {isa = PBXFileReference; lastKnownFileType = sourcecode.c.objc; path = main.m; sourceTree = "<group>"; };
		63984C5E185EAFB3001FD5BA /* Photomania-Prefix.pch */ = {isa = PBXFileReference; lastKnownFileType = sourcecode.c.h; path = "Photomania-Prefix.pch"; sourceTree = "<group>"; };
		63984C5F185EAFB3001FD5BA /* photomaniaAppDelegate.h */ = {isa = PBXFileReference; lastKnownFileType = sourcecode.c.h; path = photomaniaAppDelegate.h; sourceTree = "<group>"; };
		63984C60185EAFB3001FD5BA /* photomaniaAppDelegate.m */ = {isa = PBXFileReference; lastKnownFileType = sourcecode.c.objc; path = photomaniaAppDelegate.m; sourceTree = "<group>"; };
		63984C63185EAFB3001FD5BA /* Base */ = {isa = PBXFileReference; lastKnownFileType = file.storyboard; name = Base; path = Base.lproj/Main.storyboard; sourceTree = "<group>"; };
		63984C65185EAFB3001FD5BA /* photomaniaViewController.h */ = {isa = PBXFileReference; lastKnownFileType = sourcecode.c.h; path = photomaniaViewController.h; sourceTree = "<group>"; };
		63984C66185EAFB3001FD5BA /* photomaniaViewController.m */ = {isa = PBXFileReference; lastKnownFileType = sourcecode.c.objc; path = photomaniaViewController.m; sourceTree = "<group>"; };
		63984C68185EAFB3001FD5BA /* Images.xcassets */ = {isa = PBXFileReference; lastKnownFileType = folder.assetcatalog; path = Images.xcassets; sourceTree = "<group>"; };
		63984C6E185EAFB3001FD5BA /* PhotomaniaTests.xctest */ = {isa = PBXFileReference; explicitFileType = wrapper.cfbundle; includeInIndex = 0; path = PhotomaniaTests.xctest; sourceTree = BUILT_PRODUCTS_DIR; };
		63984C6F185EAFB3001FD5BA /* XCTest.framework */ = {isa = PBXFileReference; lastKnownFileType = wrapper.framework; name = XCTest.framework; path = Library/Frameworks/XCTest.framework; sourceTree = DEVELOPER_DIR; };
		63984C77185EAFB3001FD5BA /* PhotomaniaTests-Info.plist */ = {isa = PBXFileReference; lastKnownFileType = text.plist.xml; path = "PhotomaniaTests-Info.plist"; sourceTree = "<group>"; };
		63984C79185EAFB3001FD5BA /* en */ = {isa = PBXFileReference; lastKnownFileType = text.plist.strings; name = en; path = en.lproj/InfoPlist.strings; sourceTree = "<group>"; };
		63984C7B185EAFB3001FD5BA /* PhotomaniaTests.m */ = {isa = PBXFileReference; lastKnownFileType = sourcecode.c.objc; path = PhotomaniaTests.m; sourceTree = "<group>"; };
/* End PBXFileReference section */

/* Begin PBXFrameworksBuildPhase section */
		63984C4A185EAFB3001FD5BA /* Frameworks */ = {
			isa = PBXFrameworksBuildPhase;
			buildActionMask = 2147483647;
			files = (
				63984C53185EAFB3001FD5BA /* CoreGraphics.framework in Frameworks */,
				63984C55185EAFB3001FD5BA /* UIKit.framework in Frameworks */,
				63984C51185EAFB3001FD5BA /* Foundation.framework in Frameworks */,
			);
			runOnlyForDeploymentPostprocessing = 0;
		};
		63984C6B185EAFB3001FD5BA /* Frameworks */ = {
			isa = PBXFrameworksBuildPhase;
			buildActionMask = 2147483647;
			files = (
				63984C70185EAFB3001FD5BA /* XCTest.framework in Frameworks */,
				63984C72185EAFB3001FD5BA /* UIKit.framework in Frameworks */,
				63984C71185EAFB3001FD5BA /* Foundation.framework in Frameworks */,
			);
			runOnlyForDeploymentPostprocessing = 0;
		};
/* End PBXFrameworksBuildPhase section */

/* Begin PBXGroup section */
		63984C44185EAFB3001FD5BA = {
			isa = PBXGroup;
			children = (
				63984C56185EAFB3001FD5BA /* Photomania */,
				63984C75185EAFB3001FD5BA /* PhotomaniaTests */,
				63984C4F185EAFB3001FD5BA /* Frameworks */,
				63984C4E185EAFB3001FD5BA /* Products */,
			);
			sourceTree = "<group>";
		};
		63984C4E185EAFB3001FD5BA /* Products */ = {
			isa = PBXGroup;
			children = (
				63984C4D185EAFB3001FD5BA /* Photomania.app */,
				63984C6E185EAFB3001FD5BA /* PhotomaniaTests.xctest */,
			);
			name = Products;
			sourceTree = "<group>";
		};
		63984C4F185EAFB3001FD5BA /* Frameworks */ = {
			isa = PBXGroup;
			children = (
				63984C50185EAFB3001FD5BA /* Foundation.framework */,
				63984C52185EAFB3001FD5BA /* CoreGraphics.framework */,
				63984C54185EAFB3001FD5BA /* UIKit.framework */,
				63984C6F185EAFB3001FD5BA /* XCTest.framework */,
			);
			name = Frameworks;
			sourceTree = "<group>";
		};
		63984C56185EAFB3001FD5BA /* Photomania */ = {
			isa = PBXGroup;
			children = (
				63984C5F185EAFB3001FD5BA /* photomaniaAppDelegate.h */,
				63984C60185EAFB3001FD5BA /* photomaniaAppDelegate.m */,
				63984C62185EAFB3001FD5BA /* Main.storyboard */,
				63984C65185EAFB3001FD5BA /* photomaniaViewController.h */,
				63984C66185EAFB3001FD5BA /* photomaniaViewController.m */,
				63984C68185EAFB3001FD5BA /* Images.xcassets */,
				63984C57185EAFB3001FD5BA /* Supporting Files */,
			);
			path = Photomania;
			sourceTree = "<group>";
		};
		63984C57185EAFB3001FD5BA /* Supporting Files */ = {
			isa = PBXGroup;
			children = (
				63984C58185EAFB3001FD5BA /* Photomania-Info.plist */,
				63984C59185EAFB3001FD5BA /* InfoPlist.strings */,
				63984C5C185EAFB3001FD5BA /* main.m */,
				63984C5E185EAFB3001FD5BA /* Photomania-Prefix.pch */,
			);
			name = "Supporting Files";
			sourceTree = "<group>";
		};
		63984C75185EAFB3001FD5BA /* PhotomaniaTests */ = {
			isa = PBXGroup;
			children = (
				63984C7B185EAFB3001FD5BA /* PhotomaniaTests.m */,
				63984C76185EAFB3001FD5BA /* Supporting Files */,
			);
			path = PhotomaniaTests;
			sourceTree = "<group>";
		};
		63984C76185EAFB3001FD5BA /* Supporting Files */ = {
			isa = PBXGroup;
			children = (
				63984C77185EAFB3001FD5BA /* PhotomaniaTests-Info.plist */,
				63984C78185EAFB3001FD5BA /* InfoPlist.strings */,
			);
			name = "Supporting Files";
			sourceTree = "<group>";
		};
/* End PBXGroup section */

/* Begin PBXNativeTarget section */
		63984C4C185EAFB3001FD5BA /* Photomania */ = {
			isa = PBXNativeTarget;
			buildConfigurationList = 63984C7F185EAFB3001FD5BA /* Build configuration list for PBXNativeTarget "Photomania" */;
			buildPhases = (
				63984C49185EAFB3001FD5BA /* Sources */,
				63984C4A185EAFB3001FD5BA /* Frameworks */,
				63984C4B185EAFB3001FD5BA /* Resources */,
			);
			buildRules = (
			);
			dependencies = (
			);
			name = Photomania;
			productName = Photomania;
			productReference = 63984C4D185EAFB3001FD5BA /* Photomania.app */;
			productType = "com.apple.product-type.application";
		};
		63984C6D185EAFB3001FD5BA /* PhotomaniaTests */ = {
			isa = PBXNativeTarget;
			buildConfigurationList = 63984C82185EAFB3001FD5BA /* Build configuration list for PBXNativeTarget "PhotomaniaTests" */;
			buildPhases = (
				63984C6A185EAFB3001FD5BA /* Sources */,
				63984C6B185EAFB3001FD5BA /* Frameworks */,
				63984C6C185EAFB3001FD5BA /* Resources */,
			);
			buildRules = (
			);
			dependencies = (
				63984C74185EAFB3001FD5BA /* PBXTargetDependency */,
			);
			name = PhotomaniaTests;
			productName = PhotomaniaTests;
			productReference = 63984C6E185EAFB3001FD5BA /* PhotomaniaTests.xctest */;
			productType = "com.apple.product-type.bundle.unit-test";
		};
/* End PBXNativeTarget section */

/* Begin PBXProject section */
		63984C45185EAFB3001FD5BA /* Project object */ = {
			isa = PBXProject;
			attributes = {
				CLASSPREFIX = photomania;
				LastUpgradeCheck = 0500;
				ORGANIZATIONNAME = "Somml Development Corp";
				TargetAttributes = {
					63984C6D185EAFB3001FD5BA = {
						TestTargetID = 63984C4C185EAFB3001FD5BA;
					};
				};
			};
			buildConfigurationList = 63984C48185EAFB3001FD5BA /* Build configuration list for PBXProject "Photomania" */;
			compatibilityVersion = "Xcode 3.2";
			developmentRegion = English;
			hasScannedForEncodings = 0;
			knownRegions = (
				en,
				Base,
			);
			mainGroup = 63984C44185EAFB3001FD5BA;
			productRefGroup = 63984C4E185EAFB3001FD5BA /* Products */;
			projectDirPath = "";
			projectRoot = "";
			targets = (
				63984C4C185EAFB3001FD5BA /* Photomania */,
				63984C6D185EAFB3001FD5BA /* PhotomaniaTests */,
			);
		};
/* End PBXProject section */

/* Begin PBXResourcesBuildPhase section */
		63984C4B185EAFB3001FD5BA /* Resources */ = {
			isa = PBXResourcesBuildPhase;
			buildActionMask = 2147483647;
			files = (
				63984C69185EAFB3001FD5BA /* Images.xcassets in Resources */,
				63984C5B185EAFB3001FD5BA /* InfoPlist.strings in Resources */,
				63984C64185EAFB3001FD5BA /* Main.storyboard in Resources */,
			);
			runOnlyForDeploymentPostprocessing = 0;
		};
		63984C6C185EAFB3001FD5BA /* Resources */ = {
			isa = PBXResourcesBuildPhase;
			buildActionMask = 2147483647;
			files = (
				63984C7A185EAFB3001FD5BA /* InfoPlist.strings in Resources */,
			);
			runOnlyForDeploymentPostprocessing = 0;
		};
/* End PBXResourcesBuildPhase section */

/* Begin PBXSourcesBuildPhase section */
		63984C49185EAFB3001FD5BA /* Sources */ = {
			isa = PBXSourcesBuildPhase;
			buildActionMask = 2147483647;
			files = (
				63984C61185EAFB3001FD5BA /* photomaniaAppDelegate.m in Sources */,
				63984C67185EAFB3001FD5BA /* photomaniaViewController.m in Sources */,
				63984C5D185EAFB3001FD5BA /* main.m in Sources */,
			);
			runOnlyForDeploymentPostprocessing = 0;
		};
		63984C6A185EAFB3001FD5BA /* Sources */ = {
			isa = PBXSourcesBuildPhase;
			buildActionMask = 2147483647;
			files = (
				63984C7C185EAFB3001FD5BA /* PhotomaniaTests.m in Sources */,
			);
			runOnlyForDeploymentPostprocessing = 0;
		};
/* End PBXSourcesBuildPhase section */

/* Begin PBXTargetDependency section */
		63984C74185EAFB3001FD5BA /* PBXTargetDependency */ = {
			isa = PBXTargetDependency;
			target = 63984C4C185EAFB3001FD5BA /* Photomania */;
			targetProxy = 63984C73185EAFB3001FD5BA /* PBXContainerItemProxy */;
		};
/* End PBXTargetDependency section */

/* Begin PBXVariantGroup section */
		63984C59185EAFB3001FD5BA /* InfoPlist.strings */ = {
			isa = PBXVariantGroup;
			children = (
				63984C5A185EAFB3001FD5BA /* en */,
			);
			name = InfoPlist.strings;
			sourceTree = "<group>";
		};
		63984C62185EAFB3001FD5BA /* Main.storyboard */ = {
			isa = PBXVariantGroup;
			children = (
				63984C63185EAFB3001FD5BA /* Base */,
			);
			name = Main.storyboard;
			sourceTree = "<group>";
		};
		63984C78185EAFB3001FD5BA /* InfoPlist.strings */ = {
			isa = PBXVariantGroup;
			children = (
				63984C79185EAFB3001FD5BA /* en */,
			);
			name = InfoPlist.strings;
			sourceTree = "<group>";
		};
/* End PBXVariantGroup section */

/* Begin XCBuildConfiguration section */
		63984C7D185EAFB3001FD5BA /* Debug */ = {
			isa = XCBuildConfiguration;
			buildSettings = {
				ALWAYS_SEARCH_USER_PATHS = NO;
				ARCHS = "$(ARCHS_STANDARD_INCLUDING_64_BIT)";
				CLANG_CXX_LANGUAGE_STANDARD = "gnu++0x";
				CLANG_CXX_LIBRARY = "libc++";
				CLANG_ENABLE_MODULES = YES;
				CLANG_ENABLE_OBJC_ARC = YES;
				CLANG_WARN_BOOL_CONVERSION = YES;
				CLANG_WARN_CONSTANT_CONVERSION = YES;
				CLANG_WARN_DIRECT_OBJC_ISA_USAGE = YES_ERROR;
				CLANG_WARN_EMPTY_BODY = YES;
				CLANG_WARN_ENUM_CONVERSION = YES;
				CLANG_WARN_INT_CONVERSION = YES;
				CLANG_WARN_OBJC_ROOT_CLASS = YES_ERROR;
				CLANG_WARN__DUPLICATE_METHOD_MATCH = YES;
				"CODE_SIGN_IDENTITY[sdk=iphoneos*]" = "iPhone Developer";
				COPY_PHASE_STRIP = NO;
				GCC_C_LANGUAGE_STANDARD = gnu99;
				GCC_DYNAMIC_NO_PIC = NO;
				GCC_OPTIMIZATION_LEVEL = 0;
				GCC_PREPROCESSOR_DEFINITIONS = (
					"DEBUG=1",
					"$(inherited)",
				);
				GCC_SYMBOLS_PRIVATE_EXTERN = NO;
				GCC_WARN_64_TO_32_BIT_CONVERSION = YES;
				GCC_WARN_ABOUT_RETURN_TYPE = YES_ERROR;
				GCC_WARN_UNDECLARED_SELECTOR = YES;
				GCC_WARN_UNINITIALIZED_AUTOS = YES;
				GCC_WARN_UNUSED_FUNCTION = YES;
				GCC_WARN_UNUSED_VARIABLE = YES;
				IPHONEOS_DEPLOYMENT_TARGET = 7.0;
				ONLY_ACTIVE_ARCH = YES;
				SDKROOT = iphoneos;
			};
			name = Debug;
		};
		63984C7E185EAFB3001FD5BA /* Release */ = {
			isa = XCBuildConfiguration;
			buildSettings = {
				ALWAYS_SEARCH_USER_PATHS = NO;
				ARCHS = "$(ARCHS_STANDARD_INCLUDING_64_BIT)";
				CLANG_CXX_LANGUAGE_STANDARD = "gnu++0x";
				CLANG_CXX_LIBRARY = "libc++";
				CLANG_ENABLE_MODULES = YES;
				CLANG_ENABLE_OBJC_ARC = YES;
				CLANG_WARN_BOOL_CONVERSION = YES;
				CLANG_WARN_CONSTANT_CONVERSION = YES;
				CLANG_WARN_DIRECT_OBJC_ISA_USAGE = YES_ERROR;
				CLANG_WARN_EMPTY_BODY = YES;
				CLANG_WARN_ENUM_CONVERSION = YES;
				CLANG_WARN_INT_CONVERSION = YES;
				CLANG_WARN_OBJC_ROOT_CLASS = YES_ERROR;
				CLANG_WARN__DUPLICATE_METHOD_MATCH = YES;
				"CODE_SIGN_IDENTITY[sdk=iphoneos*]" = "iPhone Developer";
				COPY_PHASE_STRIP = YES;
				ENABLE_NS_ASSERTIONS = NO;
				GCC_C_LANGUAGE_STANDARD = gnu99;
				GCC_WARN_64_TO_32_BIT_CONVERSION = YES;
				GCC_WARN_ABOUT_RETURN_TYPE = YES_ERROR;
				GCC_WARN_UNDECLARED_SELECTOR = YES;
				GCC_WARN_UNINITIALIZED_AUTOS = YES;
				GCC_WARN_UNUSED_FUNCTION = YES;
				GCC_WARN_UNUSED_VARIABLE = YES;
				IPHONEOS_DEPLOYMENT_TARGET = 7.0;
				SDKROOT = iphoneos;
				VALIDATE_PRODUCT = YES;
			};
			name = Release;
		};
		63984C80185EAFB3001FD5BA /* Debug */ = {
			isa = XCBuildConfiguration;
			buildSettings = {
				ASSETCATALOG_COMPILER_APPICON_NAME = AppIcon;
				ASSETCATALOG_COMPILER_LAUNCHIMAGE_NAME = LaunchImage;
				GCC_PRECOMPILE_PREFIX_HEADER = YES;
				GCC_PREFIX_HEADER = "Photomania/Photomania-Prefix.pch";
				INFOPLIST_FILE = "Photomania/Photomania-Info.plist";
				PRODUCT_NAME = "$(TARGET_NAME)";
				WRAPPER_EXTENSION = app;
			};
			name = Debug;
		};
		63984C81185EAFB3001FD5BA /* Release */ = {
			isa = XCBuildConfiguration;
			buildSettings = {
				ASSETCATALOG_COMPILER_APPICON_NAME = AppIcon;
				ASSETCATALOG_COMPILER_LAUNCHIMAGE_NAME = LaunchImage;
				GCC_PRECOMPILE_PREFIX_HEADER = YES;
				GCC_PREFIX_HEADER = "Photomania/Photomania-Prefix.pch";
				INFOPLIST_FILE = "Photomania/Photomania-Info.plist";
				PRODUCT_NAME = "$(TARGET_NAME)";
				WRAPPER_EXTENSION = app;
			};
			name = Release;
		};
		63984C83185EAFB3001FD5BA /* Debug */ = {
			isa = XCBuildConfiguration;
			buildSettings = {
				ARCHS = "$(ARCHS_STANDARD_INCLUDING_64_BIT)";
				BUNDLE_LOADER = "$(BUILT_PRODUCTS_DIR)/Photomania.app/Photomania";
				FRAMEWORK_SEARCH_PATHS = (
					"$(SDKROOT)/Developer/Library/Frameworks",
					"$(inherited)",
					"$(DEVELOPER_FRAMEWORKS_DIR)",
				);
				GCC_PRECOMPILE_PREFIX_HEADER = YES;
				GCC_PREFIX_HEADER = "Photomania/Photomania-Prefix.pch";
				GCC_PREPROCESSOR_DEFINITIONS = (
					"DEBUG=1",
					"$(inherited)",
				);
				INFOPLIST_FILE = "PhotomaniaTests/PhotomaniaTests-Info.plist";
				PRODUCT_NAME = "$(TARGET_NAME)";
				TEST_HOST = "$(BUNDLE_LOADER)";
				WRAPPER_EXTENSION = xctest;
			};
			name = Debug;
		};
		63984C84185EAFB3001FD5BA /* Release */ = {
			isa = XCBuildConfiguration;
			buildSettings = {
				ARCHS = "$(ARCHS_STANDARD_INCLUDING_64_BIT)";
				BUNDLE_LOADER = "$(BUILT_PRODUCTS_DIR)/Photomania.app/Photomania";
				FRAMEWORK_SEARCH_PATHS = (
					"$(SDKROOT)/Developer/Library/Frameworks",
					"$(inherited)",
					"$(DEVELOPER_FRAMEWORKS_DIR)",
				);
				GCC_PRECOMPILE_PREFIX_HEADER = YES;
				GCC_PREFIX_HEADER = "Photomania/Photomania-Prefix.pch";
				INFOPLIST_FILE = "PhotomaniaTests/PhotomaniaTests-Info.plist";
				PRODUCT_NAME = "$(TARGET_NAME)";
				TEST_HOST = "$(BUNDLE_LOADER)";
				WRAPPER_EXTENSION = xctest;
			};
			name = Release;
		};
/* End XCBuildConfiguration section */

/* Begin XCConfigurationList section */
		63984C48185EAFB3001FD5BA /* Build configuration list for PBXProject "Photomania" */ = {
			isa = XCConfigurationList;
			buildConfigurations = (
				63984C7D185EAFB3001FD5BA /* Debug */,
				63984C7E185EAFB3001FD5BA /* Release */,
			);
			defaultConfigurationIsVisible = 0;
			defaultConfigurationName = Release;
		};
		63984C7F185EAFB3001FD5BA /* Build configuration list for PBXNativeTarget "Photomania" */ = {
			isa = XCConfigurationList;
			buildConfigurations = (
				63984C80185EAFB3001FD5BA /* Debug */,
				63984C81185EAFB3001FD5BA /* Release */,
			);
			defaultConfigurationIsVisible = 0;
		};
		63984C82185EAFB3001FD5BA /* Build configuration list for PBXNativeTarget "PhotomaniaTests" */ = {
			isa = XCConfigurationList;
			buildConfigurations = (
				63984C83185EAFB3001FD5BA /* Debug */,
				63984C84185EAFB3001FD5BA /* Release */,
			);
			defaultConfigurationIsVisible = 0;
		};
/* End XCConfigurationList section */
	};
	rootObject = 63984C45185EAFB3001FD5BA /* Project object */;
}
